
Microsoft Visual Studio Solution File, Format Version 12.00
# Visual Studio 2012
Project("{FAE04EC0-301F-11D3-BF4B-00C04F79EFBC}") = "notepad", "notepad\notepad.csproj", "{62C4FCE3-D0AD-4FE1-AF85-3C2C7B4CBDCB}"
EndProject
Project("{6141683F-8A12-4E36-9623-2EB02B2C2303}") = "Notepad Xtream", "Notepad Xtream\Notepad Xtream.isproj", "{AEA6E54D-CF53-442A-86CE-8C24EEF6EAA8}"
EndProject
Global
	GlobalSection(SolutionConfigurationPlatforms) = preSolution
		CD_ROM|x86 = CD_ROM|x86
		Debug|x86 = Debug|x86
		DVD-5|x86 = DVD-5|x86
		Release|x86 = Release|x86
		SingleImage|x86 = SingleImage|x86
	EndGlobalSection
	GlobalSection(ProjectConfigurationPlatforms) = postSolution
		{62C4FCE3-D0AD-4FE1-AF85-3C2C7B4CBDCB}.CD_ROM|x86.ActiveCfg = Release|x86
		{62C4FCE3-D0AD-4FE1-AF85-3C2C7B4CBDCB}.CD_ROM|x86.Build.0 = Release|x86
		{62C4FCE3-D0AD-4FE1-AF85-3C2C7B4CBDCB}.Debug|x86.ActiveCfg = Debug|x86
		{62C4FCE3-D0AD-4FE1-AF85-3C2C7B4CBDCB}.Debug|x86.Build.0 = Debug|x86
		{62C4FCE3-D0AD-4FE1-AF85-3C2C7B4CBDCB}.DVD-5|x86.ActiveCfg = Debug|x86
		{62C4FCE3-D0AD-4FE1-AF85-3C2C7B4CBDCB}.DVD-5|x86.Build.0 = Debug|x86
		{62C4FCE3-D0AD-4FE1-AF85-3C2C7B4CBDCB}.Release|x86.ActiveCfg = Release|x86
		{62C4FCE3-D0AD-4FE1-AF85-3C2C7B4CBDCB}.Release|x86.Build.0 = Release|x86
		{62C4FCE3-D0AD-4FE1-AF85-3C2C7B4CBDCB}.SingleImage|x86.ActiveCfg = Release|x86
		{62C4FCE3-D0AD-4FE1-AF85-3C2C7B4CBDCB}.SingleImage|x86.Build.0 = Release|x86
		{AEA6E54D-CF53-442A-86CE-8C24EEF6EAA8}.CD_ROM|x86.ActiveCfg = CD_ROM
		{AEA6E54D-CF53-442A-86CE-8C24EEF6EAA8}.CD_ROM|x86.Build.0 = CD_ROM
		{AEA6E54D-CF53-442A-86CE-8C24EEF6EAA8}.Debug|x86.ActiveCfg = DVD-5
		{AEA6E54D-CF53-442A-86CE-8C24EEF6EAA8}.Debug|x86.Build.0 = DVD-5
		{AEA6E54D-CF53-442A-86CE-8C24EEF6EAA8}.DVD-5|x86.ActiveCfg = DVD-5
		{AEA6E54D-CF53-442A-86CE-8C24EEF6EAA8}.DVD-5|x86.Build.0 = DVD-5
		{AEA6E54D-CF53-442A-86CE-8C24EEF6EAA8}.Release|x86.ActiveCfg = SingleImage
		{AEA6E54D-CF53-442A-86CE-8C24EEF6EAA8}.Release|x86.Build.0 = SingleImage
		{AEA6E54D-CF53-442A-86CE-8C24EEF6EAA8}.SingleImage|x86.ActiveCfg = SingleImage
		{AEA6E54D-CF53-442A-86CE-8C24EEF6EAA8}.SingleImage|x86.Build.0 = SingleImage
	EndGlobalSection
	GlobalSection(SolutionProperties) = preSolution
		HideSolutionNode = FALSE
	EndGlobalSection
EndGlobal
